{
    "_readme": [
        "This file locks the dependencies of your project to a known state",
        "Read more about it at http://getcomposer.org/doc/01-basic-usage.md#composer-lock-the-lock-file"
    ],
    "hash": "11f616c28eb1243933493927152ace19",
    "packages": [
        {
            "name": "dreadlabs/phing-ext",
            "version": "dev-master",
            "source": {
                "type": "git",
                "url": "https://github.com/DreadLabs/phing-ext.git",
                "reference": "6224b685ee231c12f43f8b5e9099e4a243d70337"
            },
            "dist": {
                "type": "zip",
                "url": "https://api.github.com/repos/DreadLabs/phing-ext/zipball/6224b685ee231c12f43f8b5e9099e4a243d70337",
                "reference": "6224b685ee231c12f43f8b5e9099e4a243d70337",
                "shasum": ""
            },
            "require": {
                "php": ">=5.3.10",
                "phpseclib/phpseclib": "dev-master#ebb1d53af57119c5d03a836432b7c7ff01059474"
            },
            "require-dev": {
                "phing/phing": "2.5.*",
                "phpunit/phpunit": "3.7.*"
            },
            "type": "library",
            "autoload": {
                "classmap": [
                    "Classes/"
                ]
            },
            "notification-url": "https://packagist.org/downloads/",
            "include-path": [
                "Classes"
            ],
            "authors": [
                {
                    "name": "Thomas Juhnke",
                    "email": "tommy@van-tomas.de"
                }
            ],
            "description": "Tasks, types & filters for Phing",
            "time": "2013-08-30 17:53:00"
        },
        {
            "name": "dreadlabs/typo3-cms-phing-helper",
            "version": "dev-master",
            "source": {
                "type": "git",
                "url": "https://github.com/DreadLabs/typo3-cms-phing-helper.git",
                "reference": "254ad9c14b8dc66cd4680cabcb67eece5144cfea"
            },
            "dist": {
                "type": "zip",
                "url": "https://api.github.com/repos/DreadLabs/typo3-cms-phing-helper/zipball/254ad9c14b8dc66cd4680cabcb67eece5144cfea",
                "reference": "254ad9c14b8dc66cd4680cabcb67eece5144cfea",
                "shasum": ""
            },
            "require": {
                "php": ">=5.2.0"
            },
            "require-dev": {
                "phing/phing": "2.5.*",
                "phpunit/phpunit": "3.7.*"
            },
            "type": "library",
            "autoload": {
                "classmap": [
                    "Classes/"
                ]
            },
            "notification-url": "https://packagist.org/downloads/",
            "include-path": [
                "Classes"
            ],
            "authors": [
                {
                    "name": "Thomas Juhnke",
                    "email": "tommy@van-tomas.de"
                }
            ],
            "description": "Phing helpers for TYPO3 CMS deployment",
            "homepage": "http://typo3.van-tomas.de/",
            "time": "2013-08-29 19:32:45"
        },
        {
            "name": "pear-pear.php.net/Archive_Tar",
            "version": "1.3.11",
            "dist": {
                "type": "file",
                "url": "http://pear.php.net/get/Archive_Tar-1.3.11.tgz",
                "reference": null,
                "shasum": null
            },
            "require": {
                "php": ">=4.3.0.0"
            },
            "replace": {
                "pear-pear/archive_tar": "== 1.3.11.0"
            },
            "type": "pear-library",
            "autoload": {
                "classmap": [
                    ""
                ]
            },
            "include-path": [
                "/"
            ],
            "description": "This class provides handling of tar files in PHP.\nIt supports creating, listing, extracting and adding to tar files.\nGzip support is available if PHP has the zlib extension built-in or\nloaded. Bz2 compression is also supported with the bz2 extension loaded."
        },
        {
            "name": "phing/phing",
            "version": "2.5.0",
            "source": {
                "type": "git",
                "url": "https://github.com/phingofficial/phing.git",
                "reference": "62b6e0e03c093b8b18084a0994be1146b753a267"
            },
            "dist": {
                "type": "zip",
                "url": "https://api.github.com/repos/phingofficial/phing/zipball/62b6e0e03c093b8b18084a0994be1146b753a267",
                "reference": "62b6e0e03c093b8b18084a0994be1146b753a267",
                "shasum": ""
            },
            "require": {
                "php": ">=5.2.0"
            },
            "bin": [
                "bin/phing"
            ],
            "type": "library",
            "autoload": {
                "classmap": [
                    "classes/phing/"
                ]
            },
            "notification-url": "https://packagist.org/downloads/",
            "include-path": [
                "classes"
            ],
            "license": [
                "LGPL3"
            ],
            "authors": [
                {
                    "name": "Michiel Rook",
                    "email": "mrook@php.net"
                },
                {
                    "name": "Phing Community",
                    "homepage": "http://www.phing.info/trac/wiki/Development/Contributors"
                }
            ],
            "description": "PHing Is Not GNU make; it's a PHP project build system or build tool based on Apache Ant.",
            "homepage": "http://www.phing.info/",
            "keywords": [
                "build",
                "task",
                "tool"
            ],
            "time": "2013-02-16 14:23:57"
        },
        {
            "name": "phpseclib/phpseclib",
            "version": "dev-master",
            "source": {
                "type": "git",
                "url": "https://github.com/phpseclib/phpseclib.git",
                "reference": "ebb1d53af57119c5d03a836432b7c7ff01059474"
            },
            "dist": {
                "type": "zip",
                "url": "https://api.github.com/repos/phpseclib/phpseclib/zipball/ebb1d53af57119c5d03a836432b7c7ff01059474",
                "reference": "ebb1d53af57119c5d03a836432b7c7ff01059474",
                "shasum": ""
            },
            "require": {
                "php": ">=5.0.0"
            },
            "suggest": {
                "ext-gmp": "Install the GMP (GNU Multiple Precision) extension in order to speed up arbitrary precision integer arithmetic operations.",
                "ext-mcrypt": "Install the Mcrypt extension in order to speed up a wide variety of cryptographic operations.",
                "pear-pear/PHP_Compat": "Install PHP_Compat to get phpseclib working on PHP >= 4.3.3."
            },
            "type": "library",
            "extra": {
                "branch-alias": {
                    "dev-master": "0.3-dev"
                }
            },
            "autoload": {
                "psr-0": {
                    "Crypt": "phpseclib/",
                    "File": "phpseclib/",
                    "Math": "phpseclib/",
                    "Net": "phpseclib/"
                },
                "files": [
                    "phpseclib/Crypt/Random.php"
                ]
            },
            "notification-url": "https://packagist.org/downloads/",
            "include-path": [
                "phpseclib/"
            ],
            "license": [
                "MIT"
            ],
            "authors": [
                {
                    "name": "Jim Wigginton",
                    "email": "terrafrost@php.net",
                    "role": "Developer"
                }
            ],
            "description": "PHP Secure Communications Library - Pure-PHP implementations of RSA, AES, SSH2, SFTP, X.509 etc.",
            "homepage": "http://phpseclib.sourceforge.net",
            "keywords": [
                "BigInteger",
                "aes",
                "asn.1",
                "asn1",
                "crypto",
                "cryptography",
                "encryption",
                "rsa",
                "security",
                "sftp",
                "signature",
                "signing",
                "ssh",
                "x.509",
                "x509"
            ],
            "time": "2013-08-29 21:38:05"
        }
    ],
    "packages-dev": [

    ],
    "aliases": [

    ],
    "minimum-stability": "dev",
    "stability-flags": {
        "dreadlabs/phing-ext": 20,
        "dreadlabs/typo3-cms-phing-helper": 20
    },
    "platform": [

    ],
    "platform-dev": [

    ]
}
